
Microsoft Visual Studio Solution File, Format Version 12.00
# Visual Studio Version 17
VisualStudioVersion = 17.11.35327.3
MinimumVisualStudioVersion = 10.0.40219.1
Project("{FAE04EC0-301F-11D3-BF4B-00C04F79EFBC}") = "9-dars", "9-dars.csproj", "{D048C461-8C03-477C-A5EB-2870E994EE8E}"
EndProject
Global
	GlobalSection(SolutionConfigurationPlatforms) = preSolution
		Debug|Any CPU = Debug|Any CPU
		Release|Any CPU = Release|Any CPU
	EndGlobalSection
	GlobalSection(ProjectConfigurationPlatforms) = postSolution
		{D048C461-8C03-477C-A5EB-2870E994EE8E}.Debug|Any CPU.ActiveCfg = Debug|Any CPU
		{D048C461-8C03-477C-A5EB-2870E994EE8E}.Debug|Any CPU.Build.0 = Debug|Any CPU
		{D048C461-8C03-477C-A5EB-2870E994EE8E}.Release|Any CPU.ActiveCfg = Release|Any CPU
		{D048C461-8C03-477C-A5EB-2870E994EE8E}.Release|Any CPU.Build.0 = Release|Any CPU
	EndGlobalSection
	GlobalSection(SolutionProperties) = preSolution
		HideSolutionNode = FALSE
	EndGlobalSection
	GlobalSection(ExtensibilityGlobals) = postSolution
		SolutionGuid = {A31810FF-A8D4-45A6-9FA7-D0365F103D30}
	EndGlobalSection
EndGlobal
